
Microsoft Visual Studio Solution File, Format Version 12.00
# Visual Studio Version 16
VisualStudioVersion = 16.0.31624.102
MinimumVisualStudioVersion = 10.0.40219.1
Project("{9A19103F-16F7-4668-BE54-9A1E7A4F7556}") = "Site", "Site\Site.csproj", "{52210759-5FA0-40A3-9C19-B66C762C2598}"
EndProject
Project("{FAE04EC0-301F-11D3-BF4B-00C04F79EFBC}") = "API", "API\API.csproj", "{AA5C187B-1C95-4600-9584-04401CE8E562}"
EndProject
Global
	GlobalSection(SolutionConfigurationPlatforms) = preSolution
		Debug|Any CPU = Debug|Any CPU
		Release|Any CPU = Release|Any CPU
	EndGlobalSection
	GlobalSection(ProjectConfigurationPlatforms) = postSolution
		{52210759-5FA0-40A3-9C19-B66C762C2598}.Debug|Any CPU.ActiveCfg = Debug|Any CPU
		{52210759-5FA0-40A3-9C19-B66C762C2598}.Debug|Any CPU.Build.0 = Debug|Any CPU
		{52210759-5FA0-40A3-9C19-B66C762C2598}.Release|Any CPU.ActiveCfg = Release|Any CPU
		{52210759-5FA0-40A3-9C19-B66C762C2598}.Release|Any CPU.Build.0 = Release|Any CPU
		{AA5C187B-1C95-4600-9584-04401CE8E562}.Debug|Any CPU.ActiveCfg = Debug|Any CPU
		{AA5C187B-1C95-4600-9584-04401CE8E562}.Debug|Any CPU.Build.0 = Debug|Any CPU
		{AA5C187B-1C95-4600-9584-04401CE8E562}.Release|Any CPU.ActiveCfg = Release|Any CPU
		{AA5C187B-1C95-4600-9584-04401CE8E562}.Release|Any CPU.Build.0 = Release|Any CPU
	EndGlobalSection
	GlobalSection(SolutionProperties) = preSolution
		HideSolutionNode = FALSE
	EndGlobalSection
	GlobalSection(ExtensibilityGlobals) = postSolution
		SolutionGuid = {69ECFA1B-D1ED-4BA5-892D-0927679612D7}
	EndGlobalSection
EndGlobal
